
Microsoft Visual Studio Solution File, Format Version 12.00
# Visual Studio 14
VisualStudioVersion = 14.0.23107.0
MinimumVisualStudioVersion = 10.0.40219.1
Project("{FAE04EC0-301F-11D3-BF4B-00C04F79EFBC}") = "NecroBotCoordChanger", "NecroBotCoordChanger\NecroBotCoordChanger.csproj", "{AFE41B18-C2E7-4EE5-B93C-5076395F007A}"
EndProject
Global
	GlobalSection(SolutionConfigurationPlatforms) = preSolution
		Debug|Any CPU = Debug|Any CPU
		Release|Any CPU = Release|Any CPU
	EndGlobalSection
	GlobalSection(ProjectConfigurationPlatforms) = postSolution
		{AFE41B18-C2E7-4EE5-B93C-5076395F007A}.Debug|Any CPU.ActiveCfg = Debug|Any CPU
		{AFE41B18-C2E7-4EE5-B93C-5076395F007A}.Debug|Any CPU.Build.0 = Debug|Any CPU
		{AFE41B18-C2E7-4EE5-B93C-5076395F007A}.Release|Any CPU.ActiveCfg = Release|Any CPU
		{AFE41B18-C2E7-4EE5-B93C-5076395F007A}.Release|Any CPU.Build.0 = Release|Any CPU
	EndGlobalSection
	GlobalSection(SolutionProperties) = preSolution
		HideSolutionNode = FALSE
	EndGlobalSection
EndGlobal
